
Microsoft Visual Studio Solution File, Format Version 11.00
# Visual Studio 2010
Project("{FAE04EC0-301F-11D3-BF4B-00C04F79EFBC}") = "SC18IM700", "SC18IM700.csproj", "{FA443CDE-A959-441E-8AA9-6725326A93F0}"
EndProject
Global
	GlobalSection(SolutionConfigurationPlatforms) = preSolution
		Debug|Any CPU = Debug|Any CPU
		Release|Any CPU = Release|Any CPU
	EndGlobalSection
	GlobalSection(ProjectConfigurationPlatforms) = postSolution
		{FA443CDE-A959-441E-8AA9-6725326A93F0}.Debug|Any CPU.ActiveCfg = Debug|Any CPU
		{FA443CDE-A959-441E-8AA9-6725326A93F0}.Debug|Any CPU.Build.0 = Debug|Any CPU
		{FA443CDE-A959-441E-8AA9-6725326A93F0}.Release|Any CPU.ActiveCfg = Release|Any CPU
		{FA443CDE-A959-441E-8AA9-6725326A93F0}.Release|Any CPU.Build.0 = Release|Any CPU
	EndGlobalSection
	GlobalSection(SolutionProperties) = preSolution
		HideSolutionNode = FALSE
	EndGlobalSection
EndGlobal
