
Microsoft Visual Studio Solution File, Format Version 11.00
# Visual Studio 2010
Project("{8BC9CEB8-8B4A-11D0-8D11-00A0C91BC942}") = "Neuronscape Server", "Neuronscape Server\Neuronscape Server.vcxproj", "{CB58CA45-C85A-483D-AAE1-58F09880E18A}"
EndProject
Project("{8BC9CEB8-8B4A-11D0-8D11-00A0C91BC942}") = "Neuronscape NEI", "Neuronscape NEI\Neuronscape NEI.vcxproj", "{D1F87235-CDBD-4145-A2A1-F59E2B2E80E4}"
EndProject
Project("{8BC9CEB8-8B4A-11D0-8D11-00A0C91BC942}") = "Neuronscape Viewer 3d", "Neuronscape Viewer 3d\Neuronscape Viewer 3d.vcxproj", "{78272FA0-5690-4BC4-8E7F-7D6AB216D61F}"
EndProject
Global
	GlobalSection(SolutionConfigurationPlatforms) = preSolution
		Debug|Any CPU = Debug|Any CPU
		Debug|Mixed Platforms = Debug|Mixed Platforms
		Debug|Win32 = Debug|Win32
		Release|Any CPU = Release|Any CPU
		Release|Mixed Platforms = Release|Mixed Platforms
		Release|Win32 = Release|Win32
	EndGlobalSection
	GlobalSection(ProjectConfigurationPlatforms) = postSolution
		{CB58CA45-C85A-483D-AAE1-58F09880E18A}.Debug|Any CPU.ActiveCfg = Debug|Win32
		{CB58CA45-C85A-483D-AAE1-58F09880E18A}.Debug|Mixed Platforms.ActiveCfg = Debug|Win32
		{CB58CA45-C85A-483D-AAE1-58F09880E18A}.Debug|Mixed Platforms.Build.0 = Debug|Win32
		{CB58CA45-C85A-483D-AAE1-58F09880E18A}.Debug|Win32.ActiveCfg = Debug|Win32
		{CB58CA45-C85A-483D-AAE1-58F09880E18A}.Debug|Win32.Build.0 = Debug|Win32
		{CB58CA45-C85A-483D-AAE1-58F09880E18A}.Release|Any CPU.ActiveCfg = Release|Win32
		{CB58CA45-C85A-483D-AAE1-58F09880E18A}.Release|Mixed Platforms.ActiveCfg = Release|Win32
		{CB58CA45-C85A-483D-AAE1-58F09880E18A}.Release|Mixed Platforms.Build.0 = Release|Win32
		{CB58CA45-C85A-483D-AAE1-58F09880E18A}.Release|Win32.ActiveCfg = Release|Win32
		{CB58CA45-C85A-483D-AAE1-58F09880E18A}.Release|Win32.Build.0 = Release|Win32
		{D1F87235-CDBD-4145-A2A1-F59E2B2E80E4}.Debug|Any CPU.ActiveCfg = Debug|Win32
		{D1F87235-CDBD-4145-A2A1-F59E2B2E80E4}.Debug|Mixed Platforms.ActiveCfg = Debug|Win32
		{D1F87235-CDBD-4145-A2A1-F59E2B2E80E4}.Debug|Mixed Platforms.Build.0 = Debug|Win32
		{D1F87235-CDBD-4145-A2A1-F59E2B2E80E4}.Debug|Win32.ActiveCfg = Debug|Win32
		{D1F87235-CDBD-4145-A2A1-F59E2B2E80E4}.Debug|Win32.Build.0 = Debug|Win32
		{D1F87235-CDBD-4145-A2A1-F59E2B2E80E4}.Release|Any CPU.ActiveCfg = Release|Win32
		{D1F87235-CDBD-4145-A2A1-F59E2B2E80E4}.Release|Mixed Platforms.ActiveCfg = Release|Win32
		{D1F87235-CDBD-4145-A2A1-F59E2B2E80E4}.Release|Mixed Platforms.Build.0 = Release|Win32
		{D1F87235-CDBD-4145-A2A1-F59E2B2E80E4}.Release|Win32.ActiveCfg = Release|Win32
		{D1F87235-CDBD-4145-A2A1-F59E2B2E80E4}.Release|Win32.Build.0 = Release|Win32
		{78272FA0-5690-4BC4-8E7F-7D6AB216D61F}.Debug|Any CPU.ActiveCfg = Debug|Win32
		{78272FA0-5690-4BC4-8E7F-7D6AB216D61F}.Debug|Mixed Platforms.ActiveCfg = Debug|Win32
		{78272FA0-5690-4BC4-8E7F-7D6AB216D61F}.Debug|Mixed Platforms.Build.0 = Debug|Win32
		{78272FA0-5690-4BC4-8E7F-7D6AB216D61F}.Debug|Win32.ActiveCfg = Debug|Win32
		{78272FA0-5690-4BC4-8E7F-7D6AB216D61F}.Debug|Win32.Build.0 = Debug|Win32
		{78272FA0-5690-4BC4-8E7F-7D6AB216D61F}.Release|Any CPU.ActiveCfg = Release|Win32
		{78272FA0-5690-4BC4-8E7F-7D6AB216D61F}.Release|Mixed Platforms.ActiveCfg = Release|Win32
		{78272FA0-5690-4BC4-8E7F-7D6AB216D61F}.Release|Mixed Platforms.Build.0 = Release|Win32
		{78272FA0-5690-4BC4-8E7F-7D6AB216D61F}.Release|Win32.ActiveCfg = Release|Win32
		{78272FA0-5690-4BC4-8E7F-7D6AB216D61F}.Release|Win32.Build.0 = Release|Win32
	EndGlobalSection
	GlobalSection(SolutionProperties) = preSolution
		HideSolutionNode = FALSE
	EndGlobalSection
EndGlobal
