
Microsoft Visual Studio Solution File, Format Version 11.00
# Visual Studio 2010
Project("{FAE04EC0-301F-11D3-BF4B-00C04F79EFBC}") = "SUSCAN Viewer", "SUSCAN Viewer\SUSCAN Viewer.csproj", "{2EDC60A1-7CB6-49BC-97D7-2B43BDDDB105}"
EndProject
Project("{54435603-DBB4-11D2-8724-00A0C9A8B90C}") = "SUSCAN Viewer Setup", "SUSCAN Viewer Setup\SUSCAN Viewer Setup.vdproj", "{2EBA2D27-954D-4EEA-A239-91F33359E6BE}"
EndProject
Global
	GlobalSection(SolutionConfigurationPlatforms) = preSolution
		Debug|x86 = Debug|x86
		Release|x86 = Release|x86
	EndGlobalSection
	GlobalSection(ProjectConfigurationPlatforms) = postSolution
		{2EDC60A1-7CB6-49BC-97D7-2B43BDDDB105}.Debug|x86.ActiveCfg = Debug|x86
		{2EDC60A1-7CB6-49BC-97D7-2B43BDDDB105}.Debug|x86.Build.0 = Debug|x86
		{2EDC60A1-7CB6-49BC-97D7-2B43BDDDB105}.Release|x86.ActiveCfg = Release|x86
		{2EDC60A1-7CB6-49BC-97D7-2B43BDDDB105}.Release|x86.Build.0 = Release|x86
		{2EBA2D27-954D-4EEA-A239-91F33359E6BE}.Debug|x86.ActiveCfg = Debug
		{2EBA2D27-954D-4EEA-A239-91F33359E6BE}.Release|x86.ActiveCfg = Release
	EndGlobalSection
	GlobalSection(SolutionProperties) = preSolution
		HideSolutionNode = FALSE
	EndGlobalSection
EndGlobal
